
Microsoft Visual Studio Solution File, Format Version 12.00
# Visual Studio Version 17
VisualStudioVersion = 17.4.33213.308
MinimumVisualStudioVersion = 10.0.40219.1
Project("{9A19103F-16F7-4668-BE54-9A1E7A4F7556}") = "UsuariosApp.API", "UsuariosApp.API\UsuariosApp.API.csproj", "{396F51C0-4BE4-4981-B07D-93329A772111}"
EndProject
Project("{2150E333-8FDC-42A3-9474-1A3956D46DE8}") = "API", "API", "{9D803AF8-2071-4D8F-B366-12E7B25D0803}"
EndProject
Project("{2150E333-8FDC-42A3-9474-1A3956D46DE8}") = "DDD", "DDD", "{6E17467F-CCC1-4560-9E02-2ACDA0D3E002}"
EndProject
Project("{2150E333-8FDC-42A3-9474-1A3956D46DE8}") = "TDD", "TDD", "{4EC053F2-4CEA-4A84-B7A9-56ED0C6773CF}"
EndProject
Project("{2150E333-8FDC-42A3-9474-1A3956D46DE8}") = "Application", "Application", "{26D238A8-32CD-4249-B6C1-975CC693508A}"
EndProject
Project("{2150E333-8FDC-42A3-9474-1A3956D46DE8}") = "Domain", "Domain", "{088EB9A0-9B40-4D69-9B8C-253B12A551F5}"
EndProject
Project("{2150E333-8FDC-42A3-9474-1A3956D46DE8}") = "Infrastructure", "Infrastructure", "{C2E45A5B-0905-4EC9-BF02-831B10547E02}"
EndProject
Project("{9A19103F-16F7-4668-BE54-9A1E7A4F7556}") = "UsuariosApp.Application", "UsuariosApp.Application\UsuariosApp.Application.csproj", "{25DB2FE5-8480-4532-AC63-344C65F82439}"
EndProject
Project("{9A19103F-16F7-4668-BE54-9A1E7A4F7556}") = "UsuariosApp.Domain", "UsuariosApp.Domain\UsuariosApp.Domain.csproj", "{7A3F212E-B90D-44EB-8957-5EB77D8C8CE4}"
EndProject
Project("{9A19103F-16F7-4668-BE54-9A1E7A4F7556}") = "Usuarios.App.Infra.Data", "Usuarios.App.Infra.Data\Usuarios.App.Infra.Data.csproj", "{C09E45EE-4819-455C-B906-BBFCE660007A}"
EndProject
Project("{2150E333-8FDC-42A3-9474-1A3956D46DE8}") = "Integração", "Integração", "{C944317E-30B2-438D-9EB9-2B09ACBD80F8}"
EndProject
Project("{2150E333-8FDC-42A3-9474-1A3956D46DE8}") = "Unitários", "Unitários", "{90B325E6-0719-488B-A4DB-DE3201F78131}"
EndProject
Project("{FAE04EC0-301F-11D3-BF4B-00C04F79EFBC}") = "UsuarioTest", "UsuarioTest\UsuarioTest.csproj", "{85D1D1F0-74E3-49F5-BA05-F9548F2AF894}"
EndProject
Global
	GlobalSection(SolutionConfigurationPlatforms) = preSolution
		Debug|Any CPU = Debug|Any CPU
		Release|Any CPU = Release|Any CPU
	EndGlobalSection
	GlobalSection(ProjectConfigurationPlatforms) = postSolution
		{396F51C0-4BE4-4981-B07D-93329A772111}.Debug|Any CPU.ActiveCfg = Debug|Any CPU
		{396F51C0-4BE4-4981-B07D-93329A772111}.Debug|Any CPU.Build.0 = Debug|Any CPU
		{396F51C0-4BE4-4981-B07D-93329A772111}.Release|Any CPU.ActiveCfg = Release|Any CPU
		{396F51C0-4BE4-4981-B07D-93329A772111}.Release|Any CPU.Build.0 = Release|Any CPU
		{25DB2FE5-8480-4532-AC63-344C65F82439}.Debug|Any CPU.ActiveCfg = Debug|Any CPU
		{25DB2FE5-8480-4532-AC63-344C65F82439}.Debug|Any CPU.Build.0 = Debug|Any CPU
		{25DB2FE5-8480-4532-AC63-344C65F82439}.Release|Any CPU.ActiveCfg = Release|Any CPU
		{25DB2FE5-8480-4532-AC63-344C65F82439}.Release|Any CPU.Build.0 = Release|Any CPU
		{7A3F212E-B90D-44EB-8957-5EB77D8C8CE4}.Debug|Any CPU.ActiveCfg = Debug|Any CPU
		{7A3F212E-B90D-44EB-8957-5EB77D8C8CE4}.Debug|Any CPU.Build.0 = Debug|Any CPU
		{7A3F212E-B90D-44EB-8957-5EB77D8C8CE4}.Release|Any CPU.ActiveCfg = Release|Any CPU
		{7A3F212E-B90D-44EB-8957-5EB77D8C8CE4}.Release|Any CPU.Build.0 = Release|Any CPU
		{C09E45EE-4819-455C-B906-BBFCE660007A}.Debug|Any CPU.ActiveCfg = Debug|Any CPU
		{C09E45EE-4819-455C-B906-BBFCE660007A}.Debug|Any CPU.Build.0 = Debug|Any CPU
		{C09E45EE-4819-455C-B906-BBFCE660007A}.Release|Any CPU.ActiveCfg = Release|Any CPU
		{C09E45EE-4819-455C-B906-BBFCE660007A}.Release|Any CPU.Build.0 = Release|Any CPU
		{85D1D1F0-74E3-49F5-BA05-F9548F2AF894}.Debug|Any CPU.ActiveCfg = Debug|Any CPU
		{85D1D1F0-74E3-49F5-BA05-F9548F2AF894}.Debug|Any CPU.Build.0 = Debug|Any CPU
		{85D1D1F0-74E3-49F5-BA05-F9548F2AF894}.Release|Any CPU.ActiveCfg = Release|Any CPU
		{85D1D1F0-74E3-49F5-BA05-F9548F2AF894}.Release|Any CPU.Build.0 = Release|Any CPU
	EndGlobalSection
	GlobalSection(SolutionProperties) = preSolution
		HideSolutionNode = FALSE
	EndGlobalSection
	GlobalSection(NestedProjects) = preSolution
		{396F51C0-4BE4-4981-B07D-93329A772111} = {9D803AF8-2071-4D8F-B366-12E7B25D0803}
		{26D238A8-32CD-4249-B6C1-975CC693508A} = {6E17467F-CCC1-4560-9E02-2ACDA0D3E002}
		{088EB9A0-9B40-4D69-9B8C-253B12A551F5} = {6E17467F-CCC1-4560-9E02-2ACDA0D3E002}
		{C2E45A5B-0905-4EC9-BF02-831B10547E02} = {6E17467F-CCC1-4560-9E02-2ACDA0D3E002}
		{25DB2FE5-8480-4532-AC63-344C65F82439} = {26D238A8-32CD-4249-B6C1-975CC693508A}
		{7A3F212E-B90D-44EB-8957-5EB77D8C8CE4} = {088EB9A0-9B40-4D69-9B8C-253B12A551F5}
		{C09E45EE-4819-455C-B906-BBFCE660007A} = {C2E45A5B-0905-4EC9-BF02-831B10547E02}
		{C944317E-30B2-438D-9EB9-2B09ACBD80F8} = {4EC053F2-4CEA-4A84-B7A9-56ED0C6773CF}
		{90B325E6-0719-488B-A4DB-DE3201F78131} = {4EC053F2-4CEA-4A84-B7A9-56ED0C6773CF}
		{85D1D1F0-74E3-49F5-BA05-F9548F2AF894} = {90B325E6-0719-488B-A4DB-DE3201F78131}
	EndGlobalSection
	GlobalSection(ExtensibilityGlobals) = postSolution
		SolutionGuid = {69768554-4B4B-4FB2-9B20-C999100637A7}
	EndGlobalSection
EndGlobal
