
Microsoft Visual Studio Solution File, Format Version 12.00
# Visual Studio Version 17
VisualStudioVersion = 17.4.33213.308
MinimumVisualStudioVersion = 10.0.40219.1
Project("{FAE04EC0-301F-11D3-BF4B-00C04F79EFBC}") = "UsuariosApp.API", "UsuariosApp.API\UsuariosApp.API.csproj", "{396F51C0-4BE4-4981-B07D-93329A772111}"
EndProject
Project("{2150E333-8FDC-42A3-9474-1A3956D46DE8}") = "API", "API", "{9D803AF8-2071-4D8F-B366-12E7B25D0803}"
EndProject
Project("{2150E333-8FDC-42A3-9474-1A3956D46DE8}") = "DDD", "DDD", "{6E17467F-CCC1-4560-9E02-2ACDA0D3E002}"
EndProject
Project("{2150E333-8FDC-42A3-9474-1A3956D46DE8}") = "TDD", "TDD", "{4EC053F2-4CEA-4A84-B7A9-56ED0C6773CF}"
EndProject
Project("{2150E333-8FDC-42A3-9474-1A3956D46DE8}") = "Application", "Application", "{26D238A8-32CD-4249-B6C1-975CC693508A}"
EndProject
Project("{2150E333-8FDC-42A3-9474-1A3956D46DE8}") = "Domain", "Domain", "{088EB9A0-9B40-4D69-9B8C-253B12A551F5}"
EndProject
Project("{2150E333-8FDC-42A3-9474-1A3956D46DE8}") = "Infrastructure", "Infrastructure", "{C2E45A5B-0905-4EC9-BF02-831B10547E02}"
EndProject
Project("{FAE04EC0-301F-11D3-BF4B-00C04F79EFBC}") = "UsuariosApp.Application", "UsuariosApp.Application\UsuariosApp.Application.csproj", "{25DB2FE5-8480-4532-AC63-344C65F82439}"
EndProject
Global
	GlobalSection(SolutionConfigurationPlatforms) = preSolution
		Debug|Any CPU = Debug|Any CPU
		Release|Any CPU = Release|Any CPU
	EndGlobalSection
	GlobalSection(ProjectConfigurationPlatforms) = postSolution
		{396F51C0-4BE4-4981-B07D-93329A772111}.Debug|Any CPU.ActiveCfg = Debug|Any CPU
		{396F51C0-4BE4-4981-B07D-93329A772111}.Debug|Any CPU.Build.0 = Debug|Any CPU
		{396F51C0-4BE4-4981-B07D-93329A772111}.Release|Any CPU.ActiveCfg = Release|Any CPU
		{396F51C0-4BE4-4981-B07D-93329A772111}.Release|Any CPU.Build.0 = Release|Any CPU
		{25DB2FE5-8480-4532-AC63-344C65F82439}.Debug|Any CPU.ActiveCfg = Debug|Any CPU
		{25DB2FE5-8480-4532-AC63-344C65F82439}.Debug|Any CPU.Build.0 = Debug|Any CPU
		{25DB2FE5-8480-4532-AC63-344C65F82439}.Release|Any CPU.ActiveCfg = Release|Any CPU
		{25DB2FE5-8480-4532-AC63-344C65F82439}.Release|Any CPU.Build.0 = Release|Any CPU
	EndGlobalSection
	GlobalSection(SolutionProperties) = preSolution
		HideSolutionNode = FALSE
	EndGlobalSection
	GlobalSection(NestedProjects) = preSolution
		{396F51C0-4BE4-4981-B07D-93329A772111} = {9D803AF8-2071-4D8F-B366-12E7B25D0803}
		{26D238A8-32CD-4249-B6C1-975CC693508A} = {6E17467F-CCC1-4560-9E02-2ACDA0D3E002}
		{088EB9A0-9B40-4D69-9B8C-253B12A551F5} = {6E17467F-CCC1-4560-9E02-2ACDA0D3E002}
		{C2E45A5B-0905-4EC9-BF02-831B10547E02} = {6E17467F-CCC1-4560-9E02-2ACDA0D3E002}
		{25DB2FE5-8480-4532-AC63-344C65F82439} = {26D238A8-32CD-4249-B6C1-975CC693508A}
	EndGlobalSection
	GlobalSection(ExtensibilityGlobals) = postSolution
		SolutionGuid = {69768554-4B4B-4FB2-9B20-C999100637A7}
	EndGlobalSection
EndGlobal
